
Microsoft Visual Studio Solution File, Format Version 12.00
# Visual Studio 2013
VisualStudioVersion = 12.0.40629.0
MinimumVisualStudioVersion = 10.0.40219.1
Project("{FAE04EC0-301F-11D3-BF4B-00C04F79EFBC}") = "Analysis", "Analysis\Analysis.csproj", "{412FE2B4-B77C-41AE-A085-AA3428261FE1}"
EndProject
Project("{FAE04EC0-301F-11D3-BF4B-00C04F79EFBC}") = "UnitTest", "UnitTest\UnitTest.csproj", "{3B777F42-3524-4898-82EB-5B0BBE0C76BB}"
EndProject
Project("{2150E333-8FDC-42A3-9474-1A3956D46DE8}") = ".nuget", ".nuget", "{02F9550F-C725-4A8C-BF9C-31891EB8072C}"
	ProjectSection(SolutionItems) = preProject
		.nuget\packages.config = .nuget\packages.config
	EndProjectSection
EndProject
Global
	GlobalSection(SolutionConfigurationPlatforms) = preSolution
		Debug|Any CPU = Debug|Any CPU
		Release|Any CPU = Release|Any CPU
	EndGlobalSection
	GlobalSection(ProjectConfigurationPlatforms) = postSolution
		{412FE2B4-B77C-41AE-A085-AA3428261FE1}.Debug|Any CPU.ActiveCfg = Debug|Any CPU
		{412FE2B4-B77C-41AE-A085-AA3428261FE1}.Debug|Any CPU.Build.0 = Debug|Any CPU
		{412FE2B4-B77C-41AE-A085-AA3428261FE1}.Release|Any CPU.ActiveCfg = Release|Any CPU
		{412FE2B4-B77C-41AE-A085-AA3428261FE1}.Release|Any CPU.Build.0 = Release|Any CPU
		{3B777F42-3524-4898-82EB-5B0BBE0C76BB}.Debug|Any CPU.ActiveCfg = Debug|Any CPU
		{3B777F42-3524-4898-82EB-5B0BBE0C76BB}.Debug|Any CPU.Build.0 = Debug|Any CPU
		{3B777F42-3524-4898-82EB-5B0BBE0C76BB}.Release|Any CPU.ActiveCfg = Release|Any CPU
		{3B777F42-3524-4898-82EB-5B0BBE0C76BB}.Release|Any CPU.Build.0 = Release|Any CPU
	EndGlobalSection
	GlobalSection(SolutionProperties) = preSolution
		HideSolutionNode = FALSE
	EndGlobalSection
EndGlobal
